{"format_version":"1.2","terraform_version":"1.5.6","variables":{"aws_access":{"value":"AKIARTDON27ABQUJNYH4"},"aws_region":{"value":"us-west-2"},"aws_s3_bucket":{"value":"dev"},"aws_secret":{"value":"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"},"bucket_versioning":{"value":"Enabled"},"tesla_vpc":{"value":true}},"planned_values":{"outputs":{"s3_tesla_bucket_name":{"sensitive":false}},"root_module":{"resources":[{"address":"aws_kms_key.tesla_key","mode":"managed","type":"aws_kms_key","name":"tesla_key","provider_name":"registry.terraform.io/hashicorp/aws","schema_version":0,"values":{"bypass_policy_lockout_safety_check":false,"custom_key_store_id":null,"customer_master_key_spec":"SYMMETRIC_DEFAULT","deletion_window_in_days":10,"description":"Key used to encrypt bucket objects","enable_key_rotation":true,"is_enabled":true,"key_usage":"ENCRYPT_DECRYPT","tags":null},"sensitive_values":{"tags_all":{}}},{"address":"aws_s3_bucket.tesla_bucket[0]","mode":"managed","type":"aws_s3_bucket","name":"tesla_bucket","index":0,"provider_name":"registry.terraform.io/hashicorp/aws","schema_version":0,"values":{"force_destroy":false,"tags":{"Environment":"Production","Name":"MyS3Bucket"},"tags_all":{"Environment":"Production","Name":"MyS3Bucket"},"timeouts":null},"sensitive_values":{"cors_rule":[],"grant":[],"lifecycle_rule":[],"logging":[],"object_lock_configuration":[],"replication_configuration":[],"server_side_encryption_configuration":[],"tags":{},"tags_all":{},"versioning":[],"website":[]}},{"address":"aws_s3_bucket_acl.tesla_1","mode":"managed","type":"aws_s3_bucket_acl","name":"tesla_1","provider_name":"registry.terraform.io/hashicorp/aws","schema_version":0,"values":{"acl":"private","expected_bucket_owner":null},"sensitive_values":{"access_control_policy":[]}},{"address":"aws_s3_bucket_server_side_encryption_configuration.example[0]","mode":"managed","type":"aws_s3_bucket_server_side_encryption_configuration","name":"example","index":0,"provider_name":"registry.terraform.io/hashicorp/aws","schema_version":0,"values":{"expected_bucket_owner":null,"rule":[{"apply_server_side_encryption_by_default":[{"sse_algorithm":"aws:kms"}],"bucket_key_enabled":null}]},"sensitive_values":{"rule":[{"apply_server_side_encryption_by_default":[{}]}]}},{"address":"aws_s3_bucket_versioning.versioning_tesla_bucket[0]","mode":"managed","type":"aws_s3_bucket_versioning","name":"versioning_tesla_bucket","index":0,"provider_name":"registry.terraform.io/hashicorp/aws","schema_version":0,"values":{"expected_bucket_owner":null,"mfa":null,"versioning_configuration":[{"status":"Enabled"}]},"sensitive_values":{"versioning_configuration":[{}]}},{"address":"random_integer.tesla_bucket[0]","mode":"managed","type":"random_integer","name":"tesla_bucket","index":0,"provider_name":"registry.terraform.io/hashicorp/random","schema_version":0,"values":{"keepers":{"Environment":"dev"},"max":500,"min":1,"seed":null},"sensitive_values":{"keepers":{}}}]}},"resource_changes":[{"address":"aws_kms_key.tesla_key","mode":"managed","type":"aws_kms_key","name":"tesla_key","provider_name":"registry.terraform.io/hashicorp/aws","change":{"actions":["create"],"before":null,"after":{"bypass_policy_lockout_safety_check":false,"custom_key_store_id":null,"customer_master_key_spec":"SYMMETRIC_DEFAULT","deletion_window_in_days":10,"description":"Key used to encrypt bucket objects","enable_key_rotation":true,"is_enabled":true,"key_usage":"ENCRYPT_DECRYPT","tags":null},"after_unknown":{"arn":true,"id":true,"key_id":true,"multi_region":true,"policy":true,"tags_all":true},"before_sensitive":false,"after_sensitive":{"tags_all":{}}}},{"address":"aws_s3_bucket.tesla_bucket[0]","mode":"managed","type":"aws_s3_bucket","name":"tesla_bucket","index":0,"provider_name":"registry.terraform.io/hashicorp/aws","change":{"actions":["create"],"before":null,"after":{"force_destroy":false,"tags":{"Environment":"Production","Name":"MyS3Bucket"},"tags_all":{"Environment":"Production","Name":"MyS3Bucket"},"timeouts":null},"after_unknown":{"acceleration_status":true,"acl":true,"arn":true,"bucket":true,"bucket_domain_name":true,"bucket_prefix":true,"bucket_regional_domain_name":true,"cors_rule":true,"grant":true,"hosted_zone_id":true,"id":true,"lifecycle_rule":true,"logging":true,"object_lock_configuration":true,"object_lock_enabled":true,"policy":true,"region":true,"replication_configuration":true,"request_payer":true,"server_side_encryption_configuration":true,"tags":{},"tags_all":{},"versioning":true,"website":true,"website_domain":true,"website_endpoint":true},"before_sensitive":false,"after_sensitive":{"cors_rule":[],"grant":[],"lifecycle_rule":[],"logging":[],"object_lock_configuration":[],"replication_configuration":[],"server_side_encryption_configuration":[],"tags":{},"tags_all":{},"versioning":[],"website":[]}}},{"address":"aws_s3_bucket_acl.tesla_1","mode":"managed","type":"aws_s3_bucket_acl","name":"tesla_1","provider_name":"registry.terraform.io/hashicorp/aws","change":{"actions":["create"],"before":null,"after":{"acl":"private","expected_bucket_owner":null},"after_unknown":{"access_control_policy":true,"bucket":true,"id":true},"before_sensitive":false,"after_sensitive":{"access_control_policy":[]}}},{"address":"aws_s3_bucket_server_side_encryption_configuration.example[0]","mode":"managed","type":"aws_s3_bucket_server_side_encryption_configuration","name":"example","index":0,"provider_name":"registry.terraform.io/hashicorp/aws","change":{"actions":["create"],"before":null,"after":{"expected_bucket_owner":null,"rule":[{"apply_server_side_encryption_by_default":[{"sse_algorithm":"aws:kms"}],"bucket_key_enabled":null}]},"after_unknown":{"bucket":true,"id":true,"rule":[{"apply_server_side_encryption_by_default":[{"kms_master_key_id":true}]}]},"before_sensitive":false,"after_sensitive":{"rule":[{"apply_server_side_encryption_by_default":[{}]}]}}},{"address":"aws_s3_bucket_versioning.versioning_tesla_bucket[0]","mode":"managed","type":"aws_s3_bucket_versioning","name":"versioning_tesla_bucket","index":0,"provider_name":"registry.terraform.io/hashicorp/aws","change":{"actions":["create"],"before":null,"after":{"expected_bucket_owner":null,"mfa":null,"versioning_configuration":[{"status":"Enabled"}]},"after_unknown":{"bucket":true,"id":true,"versioning_configuration":[{"mfa_delete":true}]},"before_sensitive":false,"after_sensitive":{"versioning_configuration":[{}]}}},{"address":"random_integer.tesla_bucket[0]","mode":"managed","type":"random_integer","name":"tesla_bucket","index":0,"provider_name":"registry.terraform.io/hashicorp/random","change":{"actions":["create"],"before":null,"after":{"keepers":{"Environment":"dev"},"max":500,"min":1,"seed":null},"after_unknown":{"id":true,"keepers":{},"result":true},"before_sensitive":false,"after_sensitive":{"keepers":{}}}}],"output_changes":{"s3_tesla_bucket_name":{"actions":["create"],"before":null,"after_unknown":true,"before_sensitive":false,"after_sensitive":false}},"configuration":{"provider_config":{"aws":{"name":"aws","full_name":"registry.terraform.io/hashicorp/aws","expressions":{"access_key":{"references":["var.aws_access"]},"region":{"references":["var.aws_region"]},"secret_key":{"references":["var.aws_secret"]}}},"random":{"name":"random","full_name":"registry.terraform.io/hashicorp/random"}},"root_module":{"outputs":{"s3_tesla_bucket_name":{"expression":{"references":["aws_s3_bucket.tesla_bucket[0].bucket","aws_s3_bucket.tesla_bucket[0]","aws_s3_bucket.tesla_bucket"]}}},"resources":[{"address":"aws_kms_key.tesla_key","mode":"managed","type":"aws_kms_key","name":"tesla_key","provider_config_key":"aws","expressions":{"deletion_window_in_days":{"constant_value":10},"description":{"constant_value":"Key used to encrypt bucket objects"},"enable_key_rotation":{"constant_value":true},"is_enabled":{"constant_value":true}},"schema_version":0},{"address":"aws_s3_bucket.tesla_bucket","mode":"managed","type":"aws_s3_bucket","name":"tesla_bucket","provider_config_key":"aws","expressions":{"bucket":{"references":["var.aws_s3_bucket","random_integer.tesla_bucket[0].result","random_integer.tesla_bucket[0]","random_integer.tesla_bucket"]},"tags":{"constant_value":{"Environment":"Production","Name":"MyS3Bucket"}}},"schema_version":0,"count_expression":{"references":["var.tesla_vpc"]}},{"address":"aws_s3_bucket_acl.tesla_1","mode":"managed","type":"aws_s3_bucket_acl","name":"tesla_1","provider_config_key":"aws","expressions":{"acl":{"constant_value":"private"},"bucket":{"references":["aws_s3_bucket.tesla_bucket[0].id","aws_s3_bucket.tesla_bucket[0]","aws_s3_bucket.tesla_bucket"]}},"schema_version":0},{"address":"aws_s3_bucket_server_side_encryption_configuration.example","mode":"managed","type":"aws_s3_bucket_server_side_encryption_configuration","name":"example","provider_config_key":"aws","expressions":{"bucket":{"references":["aws_s3_bucket.tesla_bucket[0].bucket","aws_s3_bucket.tesla_bucket[0]","aws_s3_bucket.tesla_bucket"]},"rule":[{"apply_server_side_encryption_by_default":[{"kms_master_key_id":{"references":["aws_kms_key.tesla_key.arn","aws_kms_key.tesla_key"]},"sse_algorithm":{"constant_value":"aws:kms"}}]}]},"schema_version":0,"count_expression":{"references":["var.tesla_vpc"]}},{"address":"aws_s3_bucket_versioning.versioning_tesla_bucket","mode":"managed","type":"aws_s3_bucket_versioning","name":"versioning_tesla_bucket","provider_config_key":"aws","expressions":{"bucket":{"references":["aws_s3_bucket.tesla_bucket[0].bucket","aws_s3_bucket.tesla_bucket[0]","aws_s3_bucket.tesla_bucket"]},"versioning_configuration":[{"status":{"references":["var.bucket_versioning"]}}]},"schema_version":0,"count_expression":{"references":["var.tesla_vpc"]}},{"address":"random_integer.tesla_bucket","mode":"managed","type":"random_integer","name":"tesla_bucket","provider_config_key":"random","expressions":{"keepers":{"references":["var.aws_s3_bucket"]},"max":{"constant_value":500},"min":{"constant_value":1}},"schema_version":0,"count_expression":{"references":["var.tesla_vpc"]}}],"variables":{"aws_access":{"default":"AKIARTDON27ABQUJNYH4"},"aws_region":{"default":"us-west-2"},"aws_s3_bucket":{"default":"dev"},"aws_secret":{"default":"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"},"bucket_versioning":{"default":"Enabled"},"tesla_vpc":{"default":true}}}},"relevant_attributes":[{"resource":"random_integer.tesla_bucket[0]","attribute":["result"]},{"resource":"aws_s3_bucket.tesla_bucket[0]","attribute":["id"]},{"resource":"aws_s3_bucket.tesla_bucket[0]","attribute":["bucket"]},{"resource":"aws_kms_key.tesla_key","attribute":["arn"]}],"timestamp":"2023-09-27T13:47:24Z"}
