{
  "version": 4,
  "terraform_version": "1.5.7",
  "serial": 73,
  "lineage": "bfa75f25-3538-90c4-a5ed-5d76f2d21dcc",
  "outputs": {
    "aws_route_table": {
      "value": [
        {
          "arn": "arn:aws:ec2:us-west-2:109753259968:route-table/rtb-0b0d4c62d206e4a63",
          "id": "rtb-0b0d4c62d206e4a63",
          "owner_id": "109753259968",
          "propagating_vgws": [],
          "route": [
            {
              "carrier_gateway_id": "",
              "cidr_block": "0.0.0.0/0",
              "core_network_arn": "",
              "destination_prefix_list_id": "",
              "egress_only_gateway_id": "",
              "gateway_id": "igw-0aadcbdce0b29abd3",
              "ipv6_cidr_block": "",
              "local_gateway_id": "",
              "nat_gateway_id": "",
              "network_interface_id": "",
              "transit_gateway_id": "",
              "vpc_endpoint_id": "",
              "vpc_peering_connection_id": ""
            }
          ],
          "tags": {
            "Environment": "production"
          },
          "tags_all": {
            "Environment": "production"
          },
          "timeouts": null,
          "vpc_id": "vpc-0fccd49170722114b"
        }
      ],
      "type": [
        "tuple",
        [
          [
            "object",
            {
              "arn": "string",
              "id": "string",
              "owner_id": "string",
              "propagating_vgws": [
                "set",
                "string"
              ],
              "route": [
                "set",
                [
                  "object",
                  {
                    "carrier_gateway_id": "string",
                    "cidr_block": "string",
                    "core_network_arn": "string",
                    "destination_prefix_list_id": "string",
                    "egress_only_gateway_id": "string",
                    "gateway_id": "string",
                    "ipv6_cidr_block": "string",
                    "local_gateway_id": "string",
                    "nat_gateway_id": "string",
                    "network_interface_id": "string",
                    "transit_gateway_id": "string",
                    "vpc_endpoint_id": "string",
                    "vpc_peering_connection_id": "string"
                  }
                ]
              ],
              "tags": [
                "map",
                "string"
              ],
              "tags_all": [
                "map",
                "string"
              ],
              "timeouts": [
                "object",
                {
                  "create": "string",
                  "delete": "string",
                  "update": "string"
                }
              ],
              "vpc_id": "string"
            }
          ]
        ]
      ]
    },
    "vpc_id": {
      "value": "vpc-0fccd49170722114b",
      "type": "string"
    }
  },
  "resources": [
    {
      "mode": "managed",
      "type": "aws_instance",
      "name": "testinstance",
      "provider": "provider[\"registry.terraform.io/hashicorp/aws\"]",
      "instances": []
    },
    {
      "mode": "managed",
      "type": "aws_internet_gateway",
      "name": "igw",
      "provider": "provider[\"registry.terraform.io/hashicorp/aws\"]",
      "instances": [
        {
          "schema_version": 0,
          "attributes": {
            "arn": "arn:aws:ec2:us-west-2:109753259968:internet-gateway/igw-0aadcbdce0b29abd3",
            "id": "igw-0aadcbdce0b29abd3",
            "owner_id": "109753259968",
            "tags": {
              "Environment": "production"
            },
            "tags_all": {
              "Environment": "production"
            },
            "timeouts": null,
            "vpc_id": "vpc-0fccd49170722114b"
          },
          "sensitive_attributes": [],
          "private": "eyJlMmJmYjczMC1lY2FhLTExZTYtOGY4OC0zNDM2M2JjN2M0YzAiOnsiY3JlYXRlIjoxMjAwMDAwMDAwMDAwLCJkZWxldGUiOjEyMDAwMDAwMDAwMDAsInVwZGF0ZSI6MTIwMDAwMDAwMDAwMH19",
          "dependencies": [
            "aws_vpc.vpc"
          ]
        }
      ]
    },
    {
      "mode": "managed",
      "type": "aws_key_pair",
      "name": "Demo32",
      "provider": "provider[\"registry.terraform.io/hashicorp/aws\"]",
      "instances": [
        {
          "schema_version": 1,
          "attributes": {
            "arn": "arn:aws:ec2:us-west-2:109753259968:key-pair/Demo32",
            "fingerprint": "a0:02:b0:db:73:e7:1d:c4:10:a5:ee:62:5a:d5:29:6d",
            "id": "Demo32",
            "key_name": "Demo32",
            "key_name_prefix": "",
            "key_pair_id": "key-065d517665b22f5f6",
            "key_type": "rsa",
            "public_key": "ssh-rsa AAAAB3NzaC1yc2EAAAADAQABAAABgQCuJ40R+zUKzZvkuiob4gnWHjZW/keEjmCRtm5cHybddA5x72Eh3tNCfq51eKfa2wsUJ3Xx2gH5iC3LWRECchWDICAp2M95/EQwWS3H2QJB+AD89hiYerurZNShyLPQsDVqCp9cRxcq6Gar4DaH8OsgGt0/Vs+v4m4iFIZwoH+ed0alACmQMShDfS0PmCTqAOYeNV0EEryO48tHU6N9weetRuLBA6t6xWz5D0OzJ1IpI+muz9MYOIYiFDg55lzUPR06gxtpUuY8HLr/bNwd3tWD/1pS3BowZpBz+F6/jGsrei3jchSks/vR6UN9pYkwyBS824drx1xEKEM9mlef2wHx0IlUrb0pFkY9RHAqxH/yaIl2elre7mTDSJydGncu1XYoqWeTClMvtwztbrtkn8tZQEWqXG78Cm4cHuN8By3Mn0G6DZATWy1o/XFdD1xk9whYY2pIWaNAV0JEFjGRCjYgnQPls5g7R4SP2XH+iGj28AGJEGIRYPFX119T0kcOEJU= Andre@MacBook-Pro.local",
            "tags": {},
            "tags_all": {}
          },
          "sensitive_attributes": [],
          "private": "eyJzY2hlbWFfdmVyc2lvbiI6IjEifQ=="
        }
      ]
    },
    {
      "mode": "managed",
      "type": "aws_route_table",
      "name": "rtb_public",
      "provider": "provider[\"registry.terraform.io/hashicorp/aws\"]",
      "instances": [
        {
          "schema_version": 0,
          "attributes": {
            "arn": "arn:aws:ec2:us-west-2:109753259968:route-table/rtb-0b0d4c62d206e4a63",
            "id": "rtb-0b0d4c62d206e4a63",
            "owner_id": "109753259968",
            "propagating_vgws": [],
            "route": [
              {
                "carrier_gateway_id": "",
                "cidr_block": "0.0.0.0/0",
                "core_network_arn": "",
                "destination_prefix_list_id": "",
                "egress_only_gateway_id": "",
                "gateway_id": "igw-0aadcbdce0b29abd3",
                "ipv6_cidr_block": "",
                "local_gateway_id": "",
                "nat_gateway_id": "",
                "network_interface_id": "",
                "transit_gateway_id": "",
                "vpc_endpoint_id": "",
                "vpc_peering_connection_id": ""
              }
            ],
            "tags": {
              "Environment": "production"
            },
            "tags_all": {
              "Environment": "production"
            },
            "timeouts": null,
            "vpc_id": "vpc-0fccd49170722114b"
          },
          "sensitive_attributes": [],
          "private": "eyJlMmJmYjczMC1lY2FhLTExZTYtOGY4OC0zNDM2M2JjN2M0YzAiOnsiY3JlYXRlIjozMDAwMDAwMDAwMDAsImRlbGV0ZSI6MzAwMDAwMDAwMDAwLCJ1cGRhdGUiOjEyMDAwMDAwMDAwMH19",
          "dependencies": [
            "aws_internet_gateway.igw",
            "aws_vpc.vpc"
          ]
        }
      ]
    },
    {
      "mode": "managed",
      "type": "aws_route_table_association",
      "name": "rta_public_subnet",
      "provider": "provider[\"registry.terraform.io/hashicorp/aws\"]",
      "instances": []
    },
    {
      "mode": "managed",
      "type": "aws_security_group",
      "name": "prod-SG",
      "provider": "provider[\"registry.terraform.io/hashicorp/aws\"]",
      "instances": [
        {
          "schema_version": 1,
          "attributes": {
            "arn": "arn:aws:ec2:us-west-2:109753259968:security-group/sg-0113e3cf31656e55e",
            "description": "Managed by Terraform",
            "egress": [
              {
                "cidr_blocks": [
                  "0.0.0.0/0"
                ],
                "description": "",
                "from_port": 0,
                "ipv6_cidr_blocks": [],
                "prefix_list_ids": [],
                "protocol": "-1",
                "security_groups": [],
                "self": false,
                "to_port": 0
              }
            ],
            "id": "sg-0113e3cf31656e55e",
            "ingress": [
              {
                "cidr_blocks": [
                  "0.0.0.0/0"
                ],
                "description": "",
                "from_port": 22,
                "ipv6_cidr_blocks": [],
                "prefix_list_ids": [],
                "protocol": "tcp",
                "security_groups": [],
                "self": false,
                "to_port": 22
              }
            ],
            "name": "prod-SG",
            "name_prefix": "",
            "owner_id": "109753259968",
            "revoke_rules_on_delete": false,
            "tags": {
              "Environment": "production"
            },
            "tags_all": {
              "Environment": "production"
            },
            "timeouts": null,
            "vpc_id": "vpc-0fccd49170722114b"
          },
          "sensitive_attributes": [],
          "private": "eyJlMmJmYjczMC1lY2FhLTExZTYtOGY4OC0zNDM2M2JjN2M0YzAiOnsiY3JlYXRlIjo2MDAwMDAwMDAwMDAsImRlbGV0ZSI6OTAwMDAwMDAwMDAwfSwic2NoZW1hX3ZlcnNpb24iOiIxIn0=",
          "dependencies": [
            "aws_vpc.vpc"
          ]
        }
      ]
    },
    {
      "mode": "managed",
      "type": "aws_vpc",
      "name": "vpc",
      "provider": "provider[\"registry.terraform.io/hashicorp/aws\"]",
      "instances": [
        {
          "schema_version": 1,
          "attributes": {
            "arn": "arn:aws:ec2:us-west-2:109753259968:vpc/vpc-0fccd49170722114b",
            "assign_generated_ipv6_cidr_block": false,
            "cidr_block": "10.0.0.0/16",
            "default_network_acl_id": "acl-0b4c87f303591d79f",
            "default_route_table_id": "rtb-0a1c4ae8fe0687648",
            "default_security_group_id": "sg-0628e7b0fbdf20a2c",
            "dhcp_options_id": "dopt-0b4afbc8b6253e323",
            "enable_dns_hostnames": true,
            "enable_dns_support": true,
            "enable_network_address_usage_metrics": false,
            "id": "vpc-0fccd49170722114b",
            "instance_tenancy": "default",
            "ipv4_ipam_pool_id": null,
            "ipv4_netmask_length": null,
            "ipv6_association_id": "",
            "ipv6_cidr_block": "",
            "ipv6_cidr_block_network_border_group": "",
            "ipv6_ipam_pool_id": "",
            "ipv6_netmask_length": 0,
            "main_route_table_id": "rtb-0a1c4ae8fe0687648",
            "owner_id": "109753259968",
            "tags": {
              "Environment": "production"
            },
            "tags_all": {
              "Environment": "production"
            }
          },
          "sensitive_attributes": [],
          "private": "eyJzY2hlbWFfdmVyc2lvbiI6IjEifQ=="
        }
      ]
    }
  ],
  "check_results": null
}
